
Microsoft Visual Studio Solution File, Format Version 12.00
# Visual Studio Version 17
VisualStudioVersion = 17.7.34009.444
MinimumVisualStudioVersion = 10.0.40219.1
Project("{9A19103F-16F7-4668-BE54-9A1E7A4F7556}") = "Labyrinth", "Labyrinth.csproj", "{AFEB848A-AAC8-40F6-A5AA-D35AC11C43ED}"
EndProject
Global
	GlobalSection(SolutionConfigurationPlatforms) = preSolution
		Debug|Any CPU = Debug|Any CPU
		Release|Any CPU = Release|Any CPU
	EndGlobalSection
	GlobalSection(ProjectConfigurationPlatforms) = postSolution
		{AFEB848A-AAC8-40F6-A5AA-D35AC11C43ED}.Debug|Any CPU.ActiveCfg = Debug|Any CPU
		{AFEB848A-AAC8-40F6-A5AA-D35AC11C43ED}.Debug|Any CPU.Build.0 = Debug|Any CPU
		{AFEB848A-AAC8-40F6-A5AA-D35AC11C43ED}.Release|Any CPU.ActiveCfg = Release|Any CPU
		{AFEB848A-AAC8-40F6-A5AA-D35AC11C43ED}.Release|Any CPU.Build.0 = Release|Any CPU
	EndGlobalSection
	GlobalSection(SolutionProperties) = preSolution
		HideSolutionNode = FALSE
	EndGlobalSection
	GlobalSection(ExtensibilityGlobals) = postSolution
		SolutionGuid = {CB77C72C-F57A-44FF-8995-AE3AE62A7290}
	EndGlobalSection
EndGlobal
